{
  "name": "ip-stencil-route-listener",
  "version": "0.1.0",
  "lockfileVersion": 1,
  "requires": true,
  "dependencies": {
    "@stencil/core": {
      "version": "1.12.3",
      "resolved": "https://artifacts.schibsted.io/artifactory/api/npm/npm-virtual/@stencil/core/-/core-1.12.3.tgz",
      "integrity": "sha1-6WQXKdvBeIzLcJSHYwxaZ36RPvo=",
      "dev": true,
      "requires": {
        "typescript": "3.8.3"
      }
    },
    "@stencil/router": {
      "version": "1.0.1",
      "resolved": "https://artifacts.schibsted.io/artifactory/api/npm/npm-virtual/@stencil/router/-/router-1.0.1.tgz",
      "integrity": "sha1-+VvMZ++NgywWoRdIeid9TOKXPSo=",
      "requires": {
        "@stencil/state-tunnel": "^1.0.1"
      }
    },
    "@stencil/state-tunnel": {
      "version": "1.0.1",
      "resolved": "https://artifacts.schibsted.io/artifactory/api/npm/npm-virtual/@stencil/state-tunnel/-/state-tunnel-1.0.1.tgz",
      "integrity": "sha1-ITJPSUrXGXMlBcgTQJnkFaxMPIE="
    },
    "typescript": {
      "version": "3.8.3",
      "resolved": "https://artifacts.schibsted.io/artifactory/api/npm/npm-virtual/typescript/-/typescript-3.8.3.tgz",
      "integrity": "sha1-QJ64VE6gM1cRIFhp7EWKsQnuEGE=",
      "dev": true
    }
  }
}
